
Microsoft Visual Studio Solution File, Format Version 12.00
# Visual Studio 15
VisualStudioVersion = 15.0.28307.1525
MinimumVisualStudioVersion = 10.0.40219.1
Project("{FAE04EC0-301F-11D3-BF4B-00C04F79EFBC}") = "FED1StudioProject", "FED1StudioProject\FED1StudioProject.csproj", "{A29FE41D-9BB5-486C-91C4-0538F0B93E6B}"
EndProject
Global
	GlobalSection(SolutionConfigurationPlatforms) = preSolution
		Debug|Any CPU = Debug|Any CPU
		Release|Any CPU = Release|Any CPU
	EndGlobalSection
	GlobalSection(ProjectConfigurationPlatforms) = postSolution
		{A29FE41D-9BB5-486C-91C4-0538F0B93E6B}.Debug|Any CPU.ActiveCfg = Debug|Any CPU
		{A29FE41D-9BB5-486C-91C4-0538F0B93E6B}.Debug|Any CPU.Build.0 = Debug|Any CPU
		{A29FE41D-9BB5-486C-91C4-0538F0B93E6B}.Release|Any CPU.ActiveCfg = Release|Any CPU
		{A29FE41D-9BB5-486C-91C4-0538F0B93E6B}.Release|Any CPU.Build.0 = Release|Any CPU
	EndGlobalSection
	GlobalSection(SolutionProperties) = preSolution
		HideSolutionNode = FALSE
	EndGlobalSection
	GlobalSection(ExtensibilityGlobals) = postSolution
		SolutionGuid = {3624DD62-6338-46DA-90F1-12A392ADA029}
	EndGlobalSection
EndGlobal
